{
  "name": "teamable-app",
  "lockfileVersion": 3,
  "requires": true,
  "packages": {
    "": {
      "dependencies": {
        "Datepicker.js": "^0.1.1",
        "validator": "^13.9.0"
      }
    },
    "node_modules/Datepicker.js": {
      "version": "0.1.1",
      "resolved": "https://registry.npmjs.org/Datepicker.js/-/Datepicker.js-0.1.1.tgz",
      "integrity": "sha512-kY1rEpj63fOZCIoz7FYybcCyb3k8qctuHnluJDgosVwoLMpfZqFGXhmj2OcEM52LGdo1E9sVLH2zF91RnPMAyw=="
    },
    "node_modules/validator": {
      "version": "13.9.0",
      "resolved": "https://registry.npmjs.org/validator/-/validator-13.9.0.tgz",
      "integrity": "sha512-B+dGG8U3fdtM0/aNK4/X8CXq/EcxU2WPrPEkJGslb47qyHsxmbggTWK0yEA4qnYVNF+nxNlN88o14hIcPmSIEA==",
      "engines": {
        "node": ">= 0.10"
      }
    }
  }
}
